{
  "name": "moms-kitchen-common",
  "version": "0.0.1",
  "lockfileVersion": 1,
  "requires": true,
  "dependencies": {
    "tslib": {
      "version": "2.3.1",
      "resolved": "https://gdigroup.pkgs.visualstudio.com/GISR_V3/_packaging/GISR_V3_Feed/npm/registry/tslib/-/tslib-2.3.1.tgz",
      "integrity": "sha1-6KM1rdXOrlGqJh0ypJAVjvBC7wE="
    }
  }
}
